
Microsoft Visual Studio Solution File, Format Version 11.00
# Visual Studio 2010
# SharpDevelop 4.4
Project("{2150E333-8FDC-42A3-9474-1A3956D46DE8}") = "Samples", "Samples", "{FCD19E1E-47A8-4637-B183-2535F2989831}"
	ProjectSection(SolutionItems) = postProject
	EndProjectSection
EndProject
Project("{9A19103F-16F7-4668-BE54-9A1E7A4F7556}") = "NameBasedGridExample", "Samples\NameBasedGridExample\NameBasedGridExample.csproj", "{0EA4643D-6F92-44F6-A025-1A9D5D98F43C}"
EndProject
Project("{9A19103F-16F7-4668-BE54-9A1E7A4F7556}") = "DynamicGridExample", "Samples\DynamicGridExample\DynamicGridExample.csproj", "{EA2DDFAF-F104-4B91-8DCA-5333A0DD0DA0}"
EndProject
Project("{9A19103F-16F7-4668-BE54-9A1E7A4F7556}") = "BindingsExample", "Samples\BindingsExample\BindingsExample.csproj", "{2B033256-E4FD-4D42-90B4-1C2030F3B2A4}"
EndProject
Project("{9A19103F-16F7-4668-BE54-9A1E7A4F7556}") = "NameBasedGrid", "NameBasedGrid\NameBasedGrid.csproj", "{01D2D040-A2AF-42A1-9821-D1C6D77A3309}"
EndProject
Global
	GlobalSection(SolutionConfigurationPlatforms) = preSolution
		Debug|Any CPU = Debug|Any CPU
		Release|Any CPU = Release|Any CPU
	EndGlobalSection
	GlobalSection(ProjectConfigurationPlatforms) = postSolution
		{01D2D040-A2AF-42A1-9821-D1C6D77A3309}.Debug|Any CPU.Build.0 = Debug|Any CPU
		{01D2D040-A2AF-42A1-9821-D1C6D77A3309}.Debug|Any CPU.ActiveCfg = Debug|Any CPU
		{01D2D040-A2AF-42A1-9821-D1C6D77A3309}.Release|Any CPU.Build.0 = Release|Any CPU
		{01D2D040-A2AF-42A1-9821-D1C6D77A3309}.Release|Any CPU.ActiveCfg = Release|Any CPU
		{0EA4643D-6F92-44F6-A025-1A9D5D98F43C}.Debug|Any CPU.Build.0 = Debug|Any CPU
		{0EA4643D-6F92-44F6-A025-1A9D5D98F43C}.Debug|Any CPU.ActiveCfg = Debug|Any CPU
		{0EA4643D-6F92-44F6-A025-1A9D5D98F43C}.Release|Any CPU.Build.0 = Release|Any CPU
		{0EA4643D-6F92-44F6-A025-1A9D5D98F43C}.Release|Any CPU.ActiveCfg = Release|Any CPU
		{EA2DDFAF-F104-4B91-8DCA-5333A0DD0DA0}.Debug|Any CPU.Build.0 = Debug|Any CPU
		{EA2DDFAF-F104-4B91-8DCA-5333A0DD0DA0}.Debug|Any CPU.ActiveCfg = Debug|Any CPU
		{EA2DDFAF-F104-4B91-8DCA-5333A0DD0DA0}.Release|Any CPU.Build.0 = Release|Any CPU
		{EA2DDFAF-F104-4B91-8DCA-5333A0DD0DA0}.Release|Any CPU.ActiveCfg = Release|Any CPU
		{2B033256-E4FD-4D42-90B4-1C2030F3B2A4}.Debug|Any CPU.Build.0 = Debug|Any CPU
		{2B033256-E4FD-4D42-90B4-1C2030F3B2A4}.Debug|Any CPU.ActiveCfg = Debug|Any CPU
		{2B033256-E4FD-4D42-90B4-1C2030F3B2A4}.Release|Any CPU.Build.0 = Release|Any CPU
		{2B033256-E4FD-4D42-90B4-1C2030F3B2A4}.Release|Any CPU.ActiveCfg = Release|Any CPU
	EndGlobalSection
	GlobalSection(NestedProjects) = preSolution
		{0EA4643D-6F92-44F6-A025-1A9D5D98F43C} = {FCD19E1E-47A8-4637-B183-2535F2989831}
		{EA2DDFAF-F104-4B91-8DCA-5333A0DD0DA0} = {FCD19E1E-47A8-4637-B183-2535F2989831}
		{2B033256-E4FD-4D42-90B4-1C2030F3B2A4} = {FCD19E1E-47A8-4637-B183-2535F2989831}
	EndGlobalSection
EndGlobal
